
Microsoft Visual Studio Solution File, Format Version 12.00
# Visual Studio Version 17
VisualStudioVersion = 17.9.34321.82
MinimumVisualStudioVersion = 10.0.40219.1
Project("{FAE04EC0-301F-11D3-BF4B-00C04F79EFBC}") = "WinFormsApp2", "WinFormsApp2\WinFormsApp2.csproj", "{CCA073EE-955F-495C-9634-D97A381BB4DE}"
EndProject
Global
	GlobalSection(SolutionConfigurationPlatforms) = preSolution
		Debug|Any CPU = Debug|Any CPU
		Release|Any CPU = Release|Any CPU
	EndGlobalSection
	GlobalSection(ProjectConfigurationPlatforms) = postSolution
		{CCA073EE-955F-495C-9634-D97A381BB4DE}.Debug|Any CPU.ActiveCfg = Debug|Any CPU
		{CCA073EE-955F-495C-9634-D97A381BB4DE}.Debug|Any CPU.Build.0 = Debug|Any CPU
		{CCA073EE-955F-495C-9634-D97A381BB4DE}.Release|Any CPU.ActiveCfg = Release|Any CPU
		{CCA073EE-955F-495C-9634-D97A381BB4DE}.Release|Any CPU.Build.0 = Release|Any CPU
	EndGlobalSection
	GlobalSection(SolutionProperties) = preSolution
		HideSolutionNode = FALSE
	EndGlobalSection
	GlobalSection(ExtensibilityGlobals) = postSolution
		SolutionGuid = {3DD20EB8-8591-4681-8984-6E6B01B20F2D}
	EndGlobalSection
EndGlobal
